
Microsoft Visual Studio Solution File, Format Version 12.00
# Visual Studio Version 16
VisualStudioVersion = 16.0.31727.386
MinimumVisualStudioVersion = 10.0.40219.1
Project("{FAE04EC0-301F-11D3-BF4B-00C04F79EFBC}") = "CoffeeManager", "CoffeeManager\CoffeeManager.csproj", "{7A87FA60-5283-41AA-9A2D-CEA5D265CA17}"
EndProject
Project("{2150E333-8FDC-42A3-9474-1A3956D46DE8}") = "Resource", "Resource", "{BDD05E5C-8BBD-4597-97A5-1D6DFFF46B30}"
EndProject
Project("{2150E333-8FDC-42A3-9474-1A3956D46DE8}") = "Images", "Images", "{457A8868-4956-4E0A-98FA-C00A35739362}"
	ProjectSection(SolutionItems) = preProject
		..\Resource\Image\default-staff.png = ..\Resource\Image\default-staff.png
	EndProjectSection
EndProject
Project("{54435603-DBB4-11D2-8724-00A0C9A8B90C}") = "Setup", "Setup\Setup.vdproj", "{72EE0C41-216B-41A1-B22F-185FB0B5A103}"
EndProject
Global
	GlobalSection(SolutionConfigurationPlatforms) = preSolution
		Debug|Any CPU = Debug|Any CPU
		Release|Any CPU = Release|Any CPU
	EndGlobalSection
	GlobalSection(ProjectConfigurationPlatforms) = postSolution
		{7A87FA60-5283-41AA-9A2D-CEA5D265CA17}.Debug|Any CPU.ActiveCfg = Debug|Any CPU
		{7A87FA60-5283-41AA-9A2D-CEA5D265CA17}.Debug|Any CPU.Build.0 = Debug|Any CPU
		{7A87FA60-5283-41AA-9A2D-CEA5D265CA17}.Release|Any CPU.ActiveCfg = Release|Any CPU
		{7A87FA60-5283-41AA-9A2D-CEA5D265CA17}.Release|Any CPU.Build.0 = Release|Any CPU
		{72EE0C41-216B-41A1-B22F-185FB0B5A103}.Debug|Any CPU.ActiveCfg = Debug
		{72EE0C41-216B-41A1-B22F-185FB0B5A103}.Release|Any CPU.ActiveCfg = Release
	EndGlobalSection
	GlobalSection(SolutionProperties) = preSolution
		HideSolutionNode = FALSE
	EndGlobalSection
	GlobalSection(NestedProjects) = preSolution
		{457A8868-4956-4E0A-98FA-C00A35739362} = {BDD05E5C-8BBD-4597-97A5-1D6DFFF46B30}
	EndGlobalSection
	GlobalSection(ExtensibilityGlobals) = postSolution
		SolutionGuid = {78D16F10-7D66-4883-83DD-59FE12EDE97C}
	EndGlobalSection
EndGlobal
